
Microsoft Visual Studio Solution File, Format Version 12.00
# Visual Studio Version 17
VisualStudioVersion = 17.6.33815.320
MinimumVisualStudioVersion = 10.0.40219.1
Project("{FAE04EC0-301F-11D3-BF4B-00C04F79EFBC}") = "WpfApp2", "WpfApp2\WpfApp2.csproj", "{C768ABB4-0B41-4AC1-B50C-8C0E07A58115}"
EndProject
Global
	GlobalSection(SolutionConfigurationPlatforms) = preSolution
		Debug|Any CPU = Debug|Any CPU
		Release|Any CPU = Release|Any CPU
	EndGlobalSection
	GlobalSection(ProjectConfigurationPlatforms) = postSolution
		{C768ABB4-0B41-4AC1-B50C-8C0E07A58115}.Debug|Any CPU.ActiveCfg = Debug|Any CPU
		{C768ABB4-0B41-4AC1-B50C-8C0E07A58115}.Debug|Any CPU.Build.0 = Debug|Any CPU
		{C768ABB4-0B41-4AC1-B50C-8C0E07A58115}.Release|Any CPU.ActiveCfg = Release|Any CPU
		{C768ABB4-0B41-4AC1-B50C-8C0E07A58115}.Release|Any CPU.Build.0 = Release|Any CPU
	EndGlobalSection
	GlobalSection(SolutionProperties) = preSolution
		HideSolutionNode = FALSE
	EndGlobalSection
	GlobalSection(ExtensibilityGlobals) = postSolution
		SolutionGuid = {E337D84B-8CA3-4F75-BEF0-E75312643D24}
	EndGlobalSection
EndGlobal
